
Microsoft Visual Studio Solution File, Format Version 12.00
# Visual Studio Version 16
VisualStudioVersion = 16.0.29020.237
MinimumVisualStudioVersion = 10.0.40219.1
Project("{9A19103F-16F7-4668-BE54-9A1E7A4F7556}") = "Tubumu.Abp.Meeting.Sample.Domain", "src\Tubumu.Abp.Meeting.Sample.Domain\Tubumu.Abp.Meeting.Sample.Domain.csproj", "{554AD327-6DBA-4F8F-96F8-81CE7A0C863F}"
EndProject
Project("{9A19103F-16F7-4668-BE54-9A1E7A4F7556}") = "Tubumu.Abp.Meeting.Sample.Application", "src\Tubumu.Abp.Meeting.Sample.Application\Tubumu.Abp.Meeting.Sample.Application.csproj", "{1A94A50E-06DC-43C1-80B5-B662820EC3EB}"
EndProject
Project("{9A19103F-16F7-4668-BE54-9A1E7A4F7556}") = "Tubumu.Abp.Meeting.Sample.EntityFrameworkCore", "src\Tubumu.Abp.Meeting.Sample.EntityFrameworkCore\Tubumu.Abp.Meeting.Sample.EntityFrameworkCore.csproj", "{C956DD76-69C8-4A9C-83EA-D17DF83340FD}"
EndProject
Project("{9A19103F-16F7-4668-BE54-9A1E7A4F7556}") = "Tubumu.Abp.Meeting.Sample.Web", "src\Tubumu.Abp.Meeting.Sample.Web\Tubumu.Abp.Meeting.Sample.Web.csproj", "{068855E8-9240-4F1A-910B-CF825794513B}"
EndProject
Project("{2150E333-8FDC-42A3-9474-1A3956D46DE8}") = "src", "src", "{CA9AC87F-097E-4F15-8393-4BC07735A5B0}"
EndProject
Project("{2150E333-8FDC-42A3-9474-1A3956D46DE8}") = "test", "test", "{04DBDB01-70F4-4E06-B468-8F87850B22BE}"
EndProject
Project("{9A19103F-16F7-4668-BE54-9A1E7A4F7556}") = "Tubumu.Abp.Meeting.Sample.Application.Tests", "test\Tubumu.Abp.Meeting.Sample.Application.Tests\Tubumu.Abp.Meeting.Sample.Application.Tests.csproj", "{50B2631D-129C-47B3-A587-029CCD6099BC}"
EndProject
Project("{9A19103F-16F7-4668-BE54-9A1E7A4F7556}") = "Tubumu.Abp.Meeting.Sample.Web.Tests", "test\Tubumu.Abp.Meeting.Sample.Web.Tests\Tubumu.Abp.Meeting.Sample.Web.Tests.csproj", "{5F1B28C6-8D0C-4155-92D0-252F7EA5F674}"
EndProject
Project("{9A19103F-16F7-4668-BE54-9A1E7A4F7556}") = "Tubumu.Abp.Meeting.Sample.EntityFrameworkCore.DbMigrations", "src\Tubumu.Abp.Meeting.Sample.EntityFrameworkCore.DbMigrations\Tubumu.Abp.Meeting.Sample.EntityFrameworkCore.DbMigrations.csproj", "{0372FA84-C517-4EB3-9A9F-B9ACAC0CA5E0}"
EndProject
Project("{9A19103F-16F7-4668-BE54-9A1E7A4F7556}") = "Tubumu.Abp.Meeting.Sample.Domain.Shared", "src\Tubumu.Abp.Meeting.Sample.Domain.Shared\Tubumu.Abp.Meeting.Sample.Domain.Shared.csproj", "{42F719ED-8413-4895-B5B4-5AB56079BC66}"
EndProject
Project("{9A19103F-16F7-4668-BE54-9A1E7A4F7556}") = "Tubumu.Abp.Meeting.Sample.Application.Contracts", "src\Tubumu.Abp.Meeting.Sample.Application.Contracts\Tubumu.Abp.Meeting.Sample.Application.Contracts.csproj", "{520659C8-C734-4298-A3DA-B539DB9DFC0B}"
EndProject
Project("{9A19103F-16F7-4668-BE54-9A1E7A4F7556}") = "Tubumu.Abp.Meeting.Sample.HttpApi", "src\Tubumu.Abp.Meeting.Sample.HttpApi\Tubumu.Abp.Meeting.Sample.HttpApi.csproj", "{4164BDF7-F527-4E85-9CE6-E3C2D7426A27}"
EndProject
Project("{9A19103F-16F7-4668-BE54-9A1E7A4F7556}") = "Tubumu.Abp.Meeting.Sample.HttpApi.Client", "src\Tubumu.Abp.Meeting.Sample.HttpApi.Client\Tubumu.Abp.Meeting.Sample.HttpApi.Client.csproj", "{3B5A0094-670D-4BB1-BFDD-61B88A8773DC}"
EndProject
Project("{9A19103F-16F7-4668-BE54-9A1E7A4F7556}") = "Tubumu.Abp.Meeting.Sample.EntityFrameworkCore.Tests", "test\Tubumu.Abp.Meeting.Sample.EntityFrameworkCore.Tests\Tubumu.Abp.Meeting.Sample.EntityFrameworkCore.Tests.csproj", "{1FE30EB9-74A9-47F5-A9F6-7B1FAB672D81}"
EndProject
Project("{9A19103F-16F7-4668-BE54-9A1E7A4F7556}") = "Tubumu.Abp.Meeting.Sample.TestBase", "test\Tubumu.Abp.Meeting.Sample.TestBase\Tubumu.Abp.Meeting.Sample.TestBase.csproj", "{91853F21-9CD9-4132-BC29-A7D5D84FFFE7}"
EndProject
Project("{9A19103F-16F7-4668-BE54-9A1E7A4F7556}") = "Tubumu.Abp.Meeting.Sample.Domain.Tests", "test\Tubumu.Abp.Meeting.Sample.Domain.Tests\Tubumu.Abp.Meeting.Sample.Domain.Tests.csproj", "{E512F4D9-9375-480F-A2F6-A46509F9D824}"
EndProject
Project("{9A19103F-16F7-4668-BE54-9A1E7A4F7556}") = "Tubumu.Abp.Meeting.Sample.HttpApi.Client.ConsoleTestApp", "test\Tubumu.Abp.Meeting.Sample.HttpApi.Client.ConsoleTestApp\Tubumu.Abp.Meeting.Sample.HttpApi.Client.ConsoleTestApp.csproj", "{EF480016-9127-4916-8735-D2466BDBC582}"
EndProject
Project("{9A19103F-16F7-4668-BE54-9A1E7A4F7556}") = "Tubumu.Abp.Meeting.Sample.DbMigrator", "src\Tubumu.Abp.Meeting.Sample.DbMigrator\Tubumu.Abp.Meeting.Sample.DbMigrator.csproj", "{AA94D832-1CCC-4715-95A9-A483F23A1A5D}"
EndProject
Project("{FAE04EC0-301F-11D3-BF4B-00C04F79EFBC}") = "Tubumu.Abp.Meeting", "..\..\src\Tubumu.Abp.Meeting\Tubumu.Abp.Meeting.csproj", "{740E237E-74E6-4471-9CC6-B3A7A9DA8E60}"
EndProject
Project("{FAE04EC0-301F-11D3-BF4B-00C04F79EFBC}") = "Tubumu.Meeting.Server", "..\..\..\..\Tubumu.Meeting.Server\Tubumu.Meeting.Server.csproj", "{129DCE18-4B43-4103-8778-5386F496E737}"
EndProject
Project("{FAE04EC0-301F-11D3-BF4B-00C04F79EFBC}") = "Tubumu.Core", "..\..\..\..\Tubumu.Core\Tubumu.Core.csproj", "{6B88FA57-0AC9-4D67-8AF0-5337E7F51B81}"
EndProject
Project("{FAE04EC0-301F-11D3-BF4B-00C04F79EFBC}") = "Tubumu.Libuv", "..\..\..\..\Tubumu.Libuv\Tubumu.Libuv.csproj", "{2BAB5907-CDEB-4DE5-9BCD-46EC93983C44}"
EndProject
Project("{FAE04EC0-301F-11D3-BF4B-00C04F79EFBC}") = "Tubumu.Mediasoup", "..\..\..\..\Tubumu.Mediasoup\Tubumu.Mediasoup.csproj", "{333067C3-FB04-4715-9DC6-0EF95DD8A872}"
EndProject
Project("{FAE04EC0-301F-11D3-BF4B-00C04F79EFBC}") = "Tubumu.Mediasoup.Common", "..\..\..\..\Tubumu.Mediasoup.Common\Tubumu.Mediasoup.Common.csproj", "{84ACF31A-692A-427D-B01B-6D3FC930AA5F}"
EndProject
Project("{FAE04EC0-301F-11D3-BF4B-00C04F79EFBC}") = "Tubumu.Mediasoup.Executable", "..\..\..\..\Tubumu.Mediasoup.Executable\Tubumu.Mediasoup.Executable.csproj", "{6E1E123B-2193-487D-BE14-E78257B1B6ED}"
EndProject
Global
	GlobalSection(SolutionConfigurationPlatforms) = preSolution
		Debug|Any CPU = Debug|Any CPU
		Release|Any CPU = Release|Any CPU
	EndGlobalSection
	GlobalSection(ProjectConfigurationPlatforms) = postSolution
		{554AD327-6DBA-4F8F-96F8-81CE7A0C863F}.Debug|Any CPU.ActiveCfg = Debug|Any CPU
		{554AD327-6DBA-4F8F-96F8-81CE7A0C863F}.Debug|Any CPU.Build.0 = Debug|Any CPU
		{554AD327-6DBA-4F8F-96F8-81CE7A0C863F}.Release|Any CPU.ActiveCfg = Release|Any CPU
		{554AD327-6DBA-4F8F-96F8-81CE7A0C863F}.Release|Any CPU.Build.0 = Release|Any CPU
		{1A94A50E-06DC-43C1-80B5-B662820EC3EB}.Debug|Any CPU.ActiveCfg = Debug|Any CPU
		{1A94A50E-06DC-43C1-80B5-B662820EC3EB}.Debug|Any CPU.Build.0 = Debug|Any CPU
		{1A94A50E-06DC-43C1-80B5-B662820EC3EB}.Release|Any CPU.ActiveCfg = Release|Any CPU
		{1A94A50E-06DC-43C1-80B5-B662820EC3EB}.Release|Any CPU.Build.0 = Release|Any CPU
		{C956DD76-69C8-4A9C-83EA-D17DF83340FD}.Debug|Any CPU.ActiveCfg = Debug|Any CPU
		{C956DD76-69C8-4A9C-83EA-D17DF83340FD}.Debug|Any CPU.Build.0 = Debug|Any CPU
		{C956DD76-69C8-4A9C-83EA-D17DF83340FD}.Release|Any CPU.ActiveCfg = Release|Any CPU
		{C956DD76-69C8-4A9C-83EA-D17DF83340FD}.Release|Any CPU.Build.0 = Release|Any CPU
		{068855E8-9240-4F1A-910B-CF825794513B}.Debug|Any CPU.ActiveCfg = Debug|Any CPU
		{068855E8-9240-4F1A-910B-CF825794513B}.Debug|Any CPU.Build.0 = Debug|Any CPU
		{068855E8-9240-4F1A-910B-CF825794513B}.Release|Any CPU.ActiveCfg = Release|Any CPU
		{068855E8-9240-4F1A-910B-CF825794513B}.Release|Any CPU.Build.0 = Release|Any CPU
		{50B2631D-129C-47B3-A587-029CCD6099BC}.Debug|Any CPU.ActiveCfg = Debug|Any CPU
		{50B2631D-129C-47B3-A587-029CCD6099BC}.Debug|Any CPU.Build.0 = Debug|Any CPU
		{50B2631D-129C-47B3-A587-029CCD6099BC}.Release|Any CPU.ActiveCfg = Release|Any CPU
		{50B2631D-129C-47B3-A587-029CCD6099BC}.Release|Any CPU.Build.0 = Release|Any CPU
		{5F1B28C6-8D0C-4155-92D0-252F7EA5F674}.Debug|Any CPU.ActiveCfg = Debug|Any CPU
		{5F1B28C6-8D0C-4155-92D0-252F7EA5F674}.Debug|Any CPU.Build.0 = Debug|Any CPU
		{5F1B28C6-8D0C-4155-92D0-252F7EA5F674}.Release|Any CPU.ActiveCfg = Release|Any CPU
		{5F1B28C6-8D0C-4155-92D0-252F7EA5F674}.Release|Any CPU.Build.0 = Release|Any CPU
		{0372FA84-C517-4EB3-9A9F-B9ACAC0CA5E0}.Debug|Any CPU.ActiveCfg = Debug|Any CPU
		{0372FA84-C517-4EB3-9A9F-B9ACAC0CA5E0}.Debug|Any CPU.Build.0 = Debug|Any CPU
		{0372FA84-C517-4EB3-9A9F-B9ACAC0CA5E0}.Release|Any CPU.ActiveCfg = Release|Any CPU
		{0372FA84-C517-4EB3-9A9F-B9ACAC0CA5E0}.Release|Any CPU.Build.0 = Release|Any CPU
		{42F719ED-8413-4895-B5B4-5AB56079BC66}.Debug|Any CPU.ActiveCfg = Debug|Any CPU
		{42F719ED-8413-4895-B5B4-5AB56079BC66}.Debug|Any CPU.Build.0 = Debug|Any CPU
		{42F719ED-8413-4895-B5B4-5AB56079BC66}.Release|Any CPU.ActiveCfg = Release|Any CPU
		{42F719ED-8413-4895-B5B4-5AB56079BC66}.Release|Any CPU.Build.0 = Release|Any CPU
		{520659C8-C734-4298-A3DA-B539DB9DFC0B}.Debug|Any CPU.ActiveCfg = Debug|Any CPU
		{520659C8-C734-4298-A3DA-B539DB9DFC0B}.Debug|Any CPU.Build.0 = Debug|Any CPU
		{520659C8-C734-4298-A3DA-B539DB9DFC0B}.Release|Any CPU.ActiveCfg = Release|Any CPU
		{520659C8-C734-4298-A3DA-B539DB9DFC0B}.Release|Any CPU.Build.0 = Release|Any CPU
		{4164BDF7-F527-4E85-9CE6-E3C2D7426A27}.Debug|Any CPU.ActiveCfg = Debug|Any CPU
		{4164BDF7-F527-4E85-9CE6-E3C2D7426A27}.Debug|Any CPU.Build.0 = Debug|Any CPU
		{4164BDF7-F527-4E85-9CE6-E3C2D7426A27}.Release|Any CPU.ActiveCfg = Release|Any CPU
		{4164BDF7-F527-4E85-9CE6-E3C2D7426A27}.Release|Any CPU.Build.0 = Release|Any CPU
		{3B5A0094-670D-4BB1-BFDD-61B88A8773DC}.Debug|Any CPU.ActiveCfg = Debug|Any CPU
		{3B5A0094-670D-4BB1-BFDD-61B88A8773DC}.Debug|Any CPU.Build.0 = Debug|Any CPU
		{3B5A0094-670D-4BB1-BFDD-61B88A8773DC}.Release|Any CPU.ActiveCfg = Release|Any CPU
		{3B5A0094-670D-4BB1-BFDD-61B88A8773DC}.Release|Any CPU.Build.0 = Release|Any CPU
		{1FE30EB9-74A9-47F5-A9F6-7B1FAB672D81}.Debug|Any CPU.ActiveCfg = Debug|Any CPU
		{1FE30EB9-74A9-47F5-A9F6-7B1FAB672D81}.Debug|Any CPU.Build.0 = Debug|Any CPU
		{1FE30EB9-74A9-47F5-A9F6-7B1FAB672D81}.Release|Any CPU.ActiveCfg = Release|Any CPU
		{1FE30EB9-74A9-47F5-A9F6-7B1FAB672D81}.Release|Any CPU.Build.0 = Release|Any CPU
		{91853F21-9CD9-4132-BC29-A7D5D84FFFE7}.Debug|Any CPU.ActiveCfg = Debug|Any CPU
		{91853F21-9CD9-4132-BC29-A7D5D84FFFE7}.Debug|Any CPU.Build.0 = Debug|Any CPU
		{91853F21-9CD9-4132-BC29-A7D5D84FFFE7}.Release|Any CPU.ActiveCfg = Release|Any CPU
		{91853F21-9CD9-4132-BC29-A7D5D84FFFE7}.Release|Any CPU.Build.0 = Release|Any CPU
		{E512F4D9-9375-480F-A2F6-A46509F9D824}.Debug|Any CPU.ActiveCfg = Debug|Any CPU
		{E512F4D9-9375-480F-A2F6-A46509F9D824}.Debug|Any CPU.Build.0 = Debug|Any CPU
		{E512F4D9-9375-480F-A2F6-A46509F9D824}.Release|Any CPU.ActiveCfg = Release|Any CPU
		{E512F4D9-9375-480F-A2F6-A46509F9D824}.Release|Any CPU.Build.0 = Release|Any CPU
		{EF480016-9127-4916-8735-D2466BDBC582}.Debug|Any CPU.ActiveCfg = Debug|Any CPU
		{EF480016-9127-4916-8735-D2466BDBC582}.Debug|Any CPU.Build.0 = Debug|Any CPU
		{EF480016-9127-4916-8735-D2466BDBC582}.Release|Any CPU.ActiveCfg = Release|Any CPU
		{EF480016-9127-4916-8735-D2466BDBC582}.Release|Any CPU.Build.0 = Release|Any CPU
		{AA94D832-1CCC-4715-95A9-A483F23A1A5D}.Debug|Any CPU.ActiveCfg = Debug|Any CPU
		{AA94D832-1CCC-4715-95A9-A483F23A1A5D}.Debug|Any CPU.Build.0 = Debug|Any CPU
		{AA94D832-1CCC-4715-95A9-A483F23A1A5D}.Release|Any CPU.ActiveCfg = Release|Any CPU
		{AA94D832-1CCC-4715-95A9-A483F23A1A5D}.Release|Any CPU.Build.0 = Release|Any CPU
		{740E237E-74E6-4471-9CC6-B3A7A9DA8E60}.Debug|Any CPU.ActiveCfg = Debug|Any CPU
		{740E237E-74E6-4471-9CC6-B3A7A9DA8E60}.Debug|Any CPU.Build.0 = Debug|Any CPU
		{740E237E-74E6-4471-9CC6-B3A7A9DA8E60}.Release|Any CPU.ActiveCfg = Release|Any CPU
		{740E237E-74E6-4471-9CC6-B3A7A9DA8E60}.Release|Any CPU.Build.0 = Release|Any CPU
		{129DCE18-4B43-4103-8778-5386F496E737}.Debug|Any CPU.ActiveCfg = Debug|Any CPU
		{129DCE18-4B43-4103-8778-5386F496E737}.Debug|Any CPU.Build.0 = Debug|Any CPU
		{129DCE18-4B43-4103-8778-5386F496E737}.Release|Any CPU.ActiveCfg = Release|Any CPU
		{129DCE18-4B43-4103-8778-5386F496E737}.Release|Any CPU.Build.0 = Release|Any CPU
		{6B88FA57-0AC9-4D67-8AF0-5337E7F51B81}.Debug|Any CPU.ActiveCfg = Debug|Any CPU
		{6B88FA57-0AC9-4D67-8AF0-5337E7F51B81}.Debug|Any CPU.Build.0 = Debug|Any CPU
		{6B88FA57-0AC9-4D67-8AF0-5337E7F51B81}.Release|Any CPU.ActiveCfg = Release|Any CPU
		{6B88FA57-0AC9-4D67-8AF0-5337E7F51B81}.Release|Any CPU.Build.0 = Release|Any CPU
		{2BAB5907-CDEB-4DE5-9BCD-46EC93983C44}.Debug|Any CPU.ActiveCfg = Debug|Any CPU
		{2BAB5907-CDEB-4DE5-9BCD-46EC93983C44}.Debug|Any CPU.Build.0 = Debug|Any CPU
		{2BAB5907-CDEB-4DE5-9BCD-46EC93983C44}.Release|Any CPU.ActiveCfg = Release|Any CPU
		{2BAB5907-CDEB-4DE5-9BCD-46EC93983C44}.Release|Any CPU.Build.0 = Release|Any CPU
		{333067C3-FB04-4715-9DC6-0EF95DD8A872}.Debug|Any CPU.ActiveCfg = Debug|Any CPU
		{333067C3-FB04-4715-9DC6-0EF95DD8A872}.Debug|Any CPU.Build.0 = Debug|Any CPU
		{333067C3-FB04-4715-9DC6-0EF95DD8A872}.Release|Any CPU.ActiveCfg = Release|Any CPU
		{333067C3-FB04-4715-9DC6-0EF95DD8A872}.Release|Any CPU.Build.0 = Release|Any CPU
		{84ACF31A-692A-427D-B01B-6D3FC930AA5F}.Debug|Any CPU.ActiveCfg = Debug|Any CPU
		{84ACF31A-692A-427D-B01B-6D3FC930AA5F}.Debug|Any CPU.Build.0 = Debug|Any CPU
		{84ACF31A-692A-427D-B01B-6D3FC930AA5F}.Release|Any CPU.ActiveCfg = Release|Any CPU
		{84ACF31A-692A-427D-B01B-6D3FC930AA5F}.Release|Any CPU.Build.0 = Release|Any CPU
		{6E1E123B-2193-487D-BE14-E78257B1B6ED}.Debug|Any CPU.ActiveCfg = Debug|Any CPU
		{6E1E123B-2193-487D-BE14-E78257B1B6ED}.Debug|Any CPU.Build.0 = Debug|Any CPU
		{6E1E123B-2193-487D-BE14-E78257B1B6ED}.Release|Any CPU.ActiveCfg = Release|Any CPU
		{6E1E123B-2193-487D-BE14-E78257B1B6ED}.Release|Any CPU.Build.0 = Release|Any CPU
	EndGlobalSection
	GlobalSection(SolutionProperties) = preSolution
		HideSolutionNode = FALSE
	EndGlobalSection
	GlobalSection(NestedProjects) = preSolution
		{554AD327-6DBA-4F8F-96F8-81CE7A0C863F} = {CA9AC87F-097E-4F15-8393-4BC07735A5B0}
		{1A94A50E-06DC-43C1-80B5-B662820EC3EB} = {CA9AC87F-097E-4F15-8393-4BC07735A5B0}
		{C956DD76-69C8-4A9C-83EA-D17DF83340FD} = {CA9AC87F-097E-4F15-8393-4BC07735A5B0}
		{068855E8-9240-4F1A-910B-CF825794513B} = {CA9AC87F-097E-4F15-8393-4BC07735A5B0}
		{50B2631D-129C-47B3-A587-029CCD6099BC} = {04DBDB01-70F4-4E06-B468-8F87850B22BE}
		{5F1B28C6-8D0C-4155-92D0-252F7EA5F674} = {04DBDB01-70F4-4E06-B468-8F87850B22BE}
		{0372FA84-C517-4EB3-9A9F-B9ACAC0CA5E0} = {CA9AC87F-097E-4F15-8393-4BC07735A5B0}
		{42F719ED-8413-4895-B5B4-5AB56079BC66} = {CA9AC87F-097E-4F15-8393-4BC07735A5B0}
		{520659C8-C734-4298-A3DA-B539DB9DFC0B} = {CA9AC87F-097E-4F15-8393-4BC07735A5B0}
		{4164BDF7-F527-4E85-9CE6-E3C2D7426A27} = {CA9AC87F-097E-4F15-8393-4BC07735A5B0}
		{3B5A0094-670D-4BB1-BFDD-61B88A8773DC} = {CA9AC87F-097E-4F15-8393-4BC07735A5B0}
		{1FE30EB9-74A9-47F5-A9F6-7B1FAB672D81} = {04DBDB01-70F4-4E06-B468-8F87850B22BE}
		{91853F21-9CD9-4132-BC29-A7D5D84FFFE7} = {04DBDB01-70F4-4E06-B468-8F87850B22BE}
		{E512F4D9-9375-480F-A2F6-A46509F9D824} = {04DBDB01-70F4-4E06-B468-8F87850B22BE}
		{EF480016-9127-4916-8735-D2466BDBC582} = {04DBDB01-70F4-4E06-B468-8F87850B22BE}
		{AA94D832-1CCC-4715-95A9-A483F23A1A5D} = {CA9AC87F-097E-4F15-8393-4BC07735A5B0}
		{740E237E-74E6-4471-9CC6-B3A7A9DA8E60} = {CA9AC87F-097E-4F15-8393-4BC07735A5B0}
		{129DCE18-4B43-4103-8778-5386F496E737} = {CA9AC87F-097E-4F15-8393-4BC07735A5B0}
		{6B88FA57-0AC9-4D67-8AF0-5337E7F51B81} = {CA9AC87F-097E-4F15-8393-4BC07735A5B0}
		{2BAB5907-CDEB-4DE5-9BCD-46EC93983C44} = {CA9AC87F-097E-4F15-8393-4BC07735A5B0}
		{333067C3-FB04-4715-9DC6-0EF95DD8A872} = {CA9AC87F-097E-4F15-8393-4BC07735A5B0}
		{84ACF31A-692A-427D-B01B-6D3FC930AA5F} = {CA9AC87F-097E-4F15-8393-4BC07735A5B0}
		{6E1E123B-2193-487D-BE14-E78257B1B6ED} = {CA9AC87F-097E-4F15-8393-4BC07735A5B0}
	EndGlobalSection
	GlobalSection(ExtensibilityGlobals) = postSolution
		SolutionGuid = {28315BFD-90E7-4E14-A2EA-F3D23AF4126F}
	EndGlobalSection
EndGlobal
